// !$*UTF8*$!
{
	archiveVersion = 1;
	classes = {
	};
	objectVersion = 46;
	objects = {

/* Begin PBXBuildFile section */
		A334E1111BFD2BA000C20B7C /* Bolts.framework in Frameworks */ = {isa = PBXBuildFile; fileRef = A334E10F1BFD2BA000C20B7C /* Bolts.framework */; };
		A334E1141BFD2BB500C20B7C /* SystemConfiguration.framework in Frameworks */ = {isa = PBXBuildFile; fileRef = A334E1131BFD2BB500C20B7C /* SystemConfiguration.framework */; };
		A334E1161BFD2BBF00C20B7C /* StoreKit.framework in Frameworks */ = {isa = PBXBuildFile; fileRef = A334E1151BFD2BBF00C20B7C /* StoreKit.framework */; };
		A334E1181BFD2BD000C20B7C /* Security.framework in Frameworks */ = {isa = PBXBuildFile; fileRef = A334E1171BFD2BD000C20B7C /* Security.framework */; };
		A334E11A1BFD2BD600C20B7C /* QuartzCore.framework in Frameworks */ = {isa = PBXBuildFile; fileRef = A334E1191BFD2BD600C20B7C /* QuartzCore.framework */; };
		A334E11C1BFD2BE000C20B7C /* CoreLocation.framework in Frameworks */ = {isa = PBXBuildFile; fileRef = A334E11B1BFD2BE000C20B7C /* CoreLocation.framework */; };
		A334E11E1BFD2BEC00C20B7C /* CoreGraphics.framework in Frameworks */ = {isa = PBXBuildFile; fileRef = A334E11D1BFD2BEC00C20B7C /* CoreGraphics.framework */; };
		A334E1201BFD2BFA00C20B7C /* CFNetwork.framework in Frameworks */ = {isa = PBXBuildFile; fileRef = A334E11F1BFD2BFA00C20B7C /* CFNetwork.framework */; };
		A334E1221BFD2C0300C20B7C /* AudioToolbox.framework in Frameworks */ = {isa = PBXBuildFile; fileRef = A334E1211BFD2C0300C20B7C /* AudioToolbox.framework */; };
		A334E1241BFD2C1600C20B7C /* libsqlite3.tbd in Frameworks */ = {isa = PBXBuildFile; fileRef = A334E1231BFD2C1600C20B7C /* libsqlite3.tbd */; };
		A334E1261BFD2C1B00C20B7C /* libz.tbd in Frameworks */ = {isa = PBXBuildFile; fileRef = A334E1251BFD2C1B00C20B7C /* libz.tbd */; };
		A334E1281BFD2EB100C20B7C /* SwiftyJSON.swift in Sources */ = {isa = PBXBuildFile; fileRef = A334E1271BFD2EB100C20B7C /* SwiftyJSON.swift */; };
		DF1B492C1C0E59B5001DC1CC /* DownloadDataViewController.swift in Sources */ = {isa = PBXBuildFile; fileRef = DF1B492B1C0E59B5001DC1CC /* DownloadDataViewController.swift */; settings = {ASSET_TAGS = (); }; };
		DF2DF8201BFE8ECA001C43C1 /* Parse.framework in Frameworks */ = {isa = PBXBuildFile; fileRef = DF2DF81F1BFE8ECA001C43C1 /* Parse.framework */; settings = {ASSET_TAGS = (); }; };
		DF3D93181C0FE5A2001307D6 /* ImportFromGPlayTableViewController.swift in Sources */ = {isa = PBXBuildFile; fileRef = DF3D93171C0FE5A2001307D6 /* ImportFromGPlayTableViewController.swift */; settings = {ASSET_TAGS = (); }; };
		DF5312F51C114164005B2259 /* importingViewController.swift in Sources */ = {isa = PBXBuildFile; fileRef = DF5312F41C114164005B2259 /* importingViewController.swift */; settings = {ASSET_TAGS = (); }; };
		DF5747F31C119636005BA66C /* SettingsViewController.swift in Sources */ = {isa = PBXBuildFile; fileRef = DF5747F21C119636005BA66C /* SettingsViewController.swift */; settings = {ASSET_TAGS = (); }; };
		DF5BDE691BFD906900239038 /* LocalData.xcdatamodeld in Sources */ = {isa = PBXBuildFile; fileRef = DF5BDE671BFD906900239038 /* LocalData.xcdatamodeld */; settings = {ASSET_TAGS = (); }; };
		DF5BDE6C1BFD96C100239038 /* IsSaved+CoreDataProperties.swift in Sources */ = {isa = PBXBuildFile; fileRef = DF5BDE6A1BFD96C100239038 /* IsSaved+CoreDataProperties.swift */; settings = {ASSET_TAGS = (); }; };
		DF5BDE6D1BFD96C100239038 /* IsSaved.swift in Sources */ = {isa = PBXBuildFile; fileRef = DF5BDE6B1BFD96C100239038 /* IsSaved.swift */; settings = {ASSET_TAGS = (); }; };
		DFAE62751C122F930084C3EB /* Main.storyboard in Resources */ = {isa = PBXBuildFile; fileRef = DFAE62741C122F930084C3EB /* Main.storyboard */; settings = {ASSET_TAGS = (); }; };
		DFAE62771C1232420084C3EB /* ExportViewController.swift in Sources */ = {isa = PBXBuildFile; fileRef = DFAE62761C1232420084C3EB /* ExportViewController.swift */; settings = {ASSET_TAGS = (); }; };
		DFB16B0B1BFE99C30004AB04 /* SignUpViewController.swift in Sources */ = {isa = PBXBuildFile; fileRef = DFB16B0A1BFE99C30004AB04 /* SignUpViewController.swift */; settings = {ASSET_TAGS = (); }; };
		DFB6A09F1BFD213B0001FD6F /* 0.txt in Resources */ = {isa = PBXBuildFile; fileRef = DFB6A09A1BFD213B0001FD6F /* 0.txt */; };
		DFB6A0A01BFD213B0001FD6F /* 9.txt in Resources */ = {isa = PBXBuildFile; fileRef = DFB6A09B1BFD213B0001FD6F /* 9.txt */; };
		DFB6A0A11BFD213B0001FD6F /* 13.txt in Resources */ = {isa = PBXBuildFile; fileRef = DFB6A09C1BFD213B0001FD6F /* 13.txt */; };
		DFB6A0A21BFD213B0001FD6F /* 20.txt in Resources */ = {isa = PBXBuildFile; fileRef = DFB6A09D1BFD213B0001FD6F /* 20.txt */; };
		DFB6A0A31BFD213B0001FD6F /* 21.txt in Resources */ = {isa = PBXBuildFile; fileRef = DFB6A09E1BFD213B0001FD6F /* 21.txt */; };
		DFB6A0A51BFD21990001FD6F /* FeaturedTableViewController.swift in Sources */ = {isa = PBXBuildFile; fileRef = DFB6A0A41BFD21990001FD6F /* FeaturedTableViewController.swift */; };
		DFB6A0A91BFD21BF0001FD6F /* ProfileTableViewController.swift in Sources */ = {isa = PBXBuildFile; fileRef = DFB6A0A81BFD21BF0001FD6F /* ProfileTableViewController.swift */; };
		DFB6A0AD1BFD21F50001FD6F /* ProfileViewController.swift in Sources */ = {isa = PBXBuildFile; fileRef = DFB6A0AC1BFD21F50001FD6F /* ProfileViewController.swift */; };
		DFB6A0AF1BFD21FB0001FD6F /* PlaylistViewController.swift in Sources */ = {isa = PBXBuildFile; fileRef = DFB6A0AE1BFD21FB0001FD6F /* PlaylistViewController.swift */; };
		DFB6A0B11BFD22100001FD6F /* PlaylistTableViewController.swift in Sources */ = {isa = PBXBuildFile; fileRef = DFB6A0B01BFD22100001FD6F /* PlaylistTableViewController.swift */; };
		DFB6A0B31BFD222B0001FD6F /* SongTableViewCell.swift in Sources */ = {isa = PBXBuildFile; fileRef = DFB6A0B21BFD222B0001FD6F /* SongTableViewCell.swift */; };
		DFC79B201C1122DD007FD091 /* SearchResultTableViewController.swift in Sources */ = {isa = PBXBuildFile; fileRef = DFC79B1F1C1122DD007FD091 /* SearchResultTableViewController.swift */; settings = {ASSET_TAGS = (); }; };
		DFC79B221C11230B007FD091 /* SearchViewController.swift in Sources */ = {isa = PBXBuildFile; fileRef = DFC79B211C11230B007FD091 /* SearchViewController.swift */; settings = {ASSET_TAGS = (); }; };
		DFD728631BFE80F800472F20 /* LoginViewController.swift in Sources */ = {isa = PBXBuildFile; fileRef = DFD728621BFE80F800472F20 /* LoginViewController.swift */; settings = {ASSET_TAGS = (); }; };
		DFF8C7221BFBE44F00FDFDA4 /* AppDelegate.swift in Sources */ = {isa = PBXBuildFile; fileRef = DFF8C7211BFBE44F00FDFDA4 /* AppDelegate.swift */; };
		DFF8C72B1BFBE44F00FDFDA4 /* Assets.xcassets in Resources */ = {isa = PBXBuildFile; fileRef = DFF8C72A1BFBE44F00FDFDA4 /* Assets.xcassets */; };
		DFF8C72E1BFBE44F00FDFDA4 /* LaunchScreen.storyboard in Resources */ = {isa = PBXBuildFile; fileRef = DFF8C72C1BFBE44F00FDFDA4 /* LaunchScreen.storyboard */; };
		DFF8C7391BFBE44F00FDFDA4 /* PlaylistDispenserTests.swift in Sources */ = {isa = PBXBuildFile; fileRef = DFF8C7381BFBE44F00FDFDA4 /* PlaylistDispenserTests.swift */; };
		DFF8C7441BFBE44F00FDFDA4 /* PlaylistDispenserUITests.swift in Sources */ = {isa = PBXBuildFile; fileRef = DFF8C7431BFBE44F00FDFDA4 /* PlaylistDispenserUITests.swift */; };
		DFF8C7521BFBE85E00FDFDA4 /* basicInfoTableViewCell.swift in Sources */ = {isa = PBXBuildFile; fileRef = DFF8C7511BFBE85E00FDFDA4 /* basicInfoTableViewCell.swift */; };
/* End PBXBuildFile section */

/* Begin PBXContainerItemProxy section */
		DFF8C7351BFBE44F00FDFDA4 /* PBXContainerItemProxy */ = {
			isa = PBXContainerItemProxy;
			containerPortal = DFF8C7161BFBE44F00FDFDA4 /* Project object */;
			proxyType = 1;
			remoteGlobalIDString = DFF8C71D1BFBE44F00FDFDA4;
			remoteInfo = PlaylistDispenser;
		};
		DFF8C7401BFBE44F00FDFDA4 /* PBXContainerItemProxy */ = {
			isa = PBXContainerItemProxy;
			containerPortal = DFF8C7161BFBE44F00FDFDA4 /* Project object */;
			proxyType = 1;
			remoteGlobalIDString = DFF8C71D1BFBE44F00FDFDA4;
			remoteInfo = PlaylistDispenser;
		};
/* End PBXContainerItemProxy section */

/* Begin PBXFileReference section */
		A334E10F1BFD2BA000C20B7C /* Bolts.framework */ = {isa = PBXFileReference; lastKnownFileType = wrapper.framework; path = Bolts.framework; sourceTree = "<group>"; };
		A334E1131BFD2BB500C20B7C /* SystemConfiguration.framework */ = {isa = PBXFileReference; lastKnownFileType = wrapper.framework; name = SystemConfiguration.framework; path = System/Library/Frameworks/SystemConfiguration.framework; sourceTree = SDKROOT; };
		A334E1151BFD2BBF00C20B7C /* StoreKit.framework */ = {isa = PBXFileReference; lastKnownFileType = wrapper.framework; name = StoreKit.framework; path = System/Library/Frameworks/StoreKit.framework; sourceTree = SDKROOT; };
		A334E1171BFD2BD000C20B7C /* Security.framework */ = {isa = PBXFileReference; lastKnownFileType = wrapper.framework; name = Security.framework; path = System/Library/Frameworks/Security.framework; sourceTree = SDKROOT; };
		A334E1191BFD2BD600C20B7C /* QuartzCore.framework */ = {isa = PBXFileReference; lastKnownFileType = wrapper.framework; name = QuartzCore.framework; path = System/Library/Frameworks/QuartzCore.framework; sourceTree = SDKROOT; };
		A334E11B1BFD2BE000C20B7C /* CoreLocation.framework */ = {isa = PBXFileReference; lastKnownFileType = wrapper.framework; name = CoreLocation.framework; path = System/Library/Frameworks/CoreLocation.framework; sourceTree = SDKROOT; };
		A334E11D1BFD2BEC00C20B7C /* CoreGraphics.framework */ = {isa = PBXFileReference; lastKnownFileType = wrapper.framework; name = CoreGraphics.framework; path = System/Library/Frameworks/CoreGraphics.framework; sourceTree = SDKROOT; };
		A334E11F1BFD2BFA00C20B7C /* CFNetwork.framework */ = {isa = PBXFileReference; lastKnownFileType = wrapper.framework; name = CFNetwork.framework; path = System/Library/Frameworks/CFNetwork.framework; sourceTree = SDKROOT; };
		A334E1211BFD2C0300C20B7C /* AudioToolbox.framework */ = {isa = PBXFileReference; lastKnownFileType = wrapper.framework; name = AudioToolbox.framework; path = System/Library/Frameworks/AudioToolbox.framework; sourceTree = SDKROOT; };
		A334E1231BFD2C1600C20B7C /* libsqlite3.tbd */ = {isa = PBXFileReference; lastKnownFileType = "sourcecode.text-based-dylib-definition"; name = libsqlite3.tbd; path = usr/lib/libsqlite3.tbd; sourceTree = SDKROOT; };
		A334E1251BFD2C1B00C20B7C /* libz.tbd */ = {isa = PBXFileReference; lastKnownFileType = "sourcecode.text-based-dylib-definition"; name = libz.tbd; path = usr/lib/libz.tbd; sourceTree = SDKROOT; };
		A334E1271BFD2EB100C20B7C /* SwiftyJSON.swift */ = {isa = PBXFileReference; fileEncoding = 4; lastKnownFileType = sourcecode.swift; name = SwiftyJSON.swift; path = ../SwiftyJSON.swift; sourceTree = "<group>"; };
		DF1B492B1C0E59B5001DC1CC /* DownloadDataViewController.swift */ = {isa = PBXFileReference; fileEncoding = 4; lastKnownFileType = sourcecode.swift; path = DownloadDataViewController.swift; sourceTree = "<group>"; };
		DF2DF81F1BFE8ECA001C43C1 /* Parse.framework */ = {isa = PBXFileReference; lastKnownFileType = wrapper.framework; path = Parse.framework; sourceTree = "<group>"; };
		DF3D93171C0FE5A2001307D6 /* ImportFromGPlayTableViewController.swift */ = {isa = PBXFileReference; fileEncoding = 4; lastKnownFileType = sourcecode.swift; name = ImportFromGPlayTableViewController.swift; path = ../ImportFromGPlayTableViewController.swift; sourceTree = "<group>"; };
		DF5312F41C114164005B2259 /* importingViewController.swift */ = {isa = PBXFileReference; fileEncoding = 4; lastKnownFileType = sourcecode.swift; path = importingViewController.swift; sourceTree = "<group>"; };
		DF5747F21C119636005BA66C /* SettingsViewController.swift */ = {isa = PBXFileReference; fileEncoding = 4; lastKnownFileType = sourcecode.swift; path = SettingsViewController.swift; sourceTree = "<group>"; };
		DF5BDE681BFD906900239038 /* LocalData.xcdatamodel */ = {isa = PBXFileReference; lastKnownFileType = wrapper.xcdatamodel; path = LocalData.xcdatamodel; sourceTree = "<group>"; };
		DF5BDE6A1BFD96C100239038 /* IsSaved+CoreDataProperties.swift */ = {isa = PBXFileReference; fileEncoding = 4; lastKnownFileType = sourcecode.swift; path = "IsSaved+CoreDataProperties.swift"; sourceTree = "<group>"; };
		DF5BDE6B1BFD96C100239038 /* IsSaved.swift */ = {isa = PBXFileReference; fileEncoding = 4; lastKnownFileType = sourcecode.swift; path = IsSaved.swift; sourceTree = "<group>"; };
		DFAE62741C122F930084C3EB /* Main.storyboard */ = {isa = PBXFileReference; fileEncoding = 4; lastKnownFileType = file.storyboard; path = Main.storyboard; sourceTree = "<group>"; };
		DFAE62761C1232420084C3EB /* ExportViewController.swift */ = {isa = PBXFileReference; fileEncoding = 4; lastKnownFileType = sourcecode.swift; path = ExportViewController.swift; sourceTree = "<group>"; };
		DFB16B0A1BFE99C30004AB04 /* SignUpViewController.swift */ = {isa = PBXFileReference; fileEncoding = 4; lastKnownFileType = sourcecode.swift; path = SignUpViewController.swift; sourceTree = "<group>"; };
		DFB6A09A1BFD213B0001FD6F /* 0.txt */ = {isa = PBXFileReference; fileEncoding = 4; lastKnownFileType = text; name = 0.txt; path = PlaylistDispenser/0.txt; sourceTree = "<group>"; };
		DFB6A09B1BFD213B0001FD6F /* 9.txt */ = {isa = PBXFileReference; fileEncoding = 4; lastKnownFileType = text; name = 9.txt; path = PlaylistDispenser/9.txt; sourceTree = "<group>"; };
		DFB6A09C1BFD213B0001FD6F /* 13.txt */ = {isa = PBXFileReference; fileEncoding = 4; lastKnownFileType = text; name = 13.txt; path = PlaylistDispenser/13.txt; sourceTree = "<group>"; };
		DFB6A09D1BFD213B0001FD6F /* 20.txt */ = {isa = PBXFileReference; fileEncoding = 4; lastKnownFileType = text; name = 20.txt; path = PlaylistDispenser/20.txt; sourceTree = "<group>"; };
		DFB6A09E1BFD213B0001FD6F /* 21.txt */ = {isa = PBXFileReference; fileEncoding = 4; lastKnownFileType = text; name = 21.txt; path = PlaylistDispenser/21.txt; sourceTree = "<group>"; };
		DFB6A0A41BFD21990001FD6F /* FeaturedTableViewController.swift */ = {isa = PBXFileReference; fileEncoding = 4; lastKnownFileType = sourcecode.swift; path = FeaturedTableViewController.swift; sourceTree = "<group>"; };
		DFB6A0A81BFD21BF0001FD6F /* ProfileTableViewController.swift */ = {isa = PBXFileReference; fileEncoding = 4; lastKnownFileType = sourcecode.swift; path = ProfileTableViewController.swift; sourceTree = "<group>"; };
		DFB6A0AC1BFD21F50001FD6F /* ProfileViewController.swift */ = {isa = PBXFileReference; fileEncoding = 4; lastKnownFileType = sourcecode.swift; path = ProfileViewController.swift; sourceTree = "<group>"; };
		DFB6A0AE1BFD21FB0001FD6F /* PlaylistViewController.swift */ = {isa = PBXFileReference; fileEncoding = 4; lastKnownFileType = sourcecode.swift; path = PlaylistViewController.swift; sourceTree = "<group>"; };
		DFB6A0B01BFD22100001FD6F /* PlaylistTableViewController.swift */ = {isa = PBXFileReference; fileEncoding = 4; lastKnownFileType = sourcecode.swift; path = PlaylistTableViewController.swift; sourceTree = "<group>"; };
		DFB6A0B21BFD222B0001FD6F /* SongTableViewCell.swift */ = {isa = PBXFileReference; fileEncoding = 4; lastKnownFileType = sourcecode.swift; path = SongTableViewCell.swift; sourceTree = "<group>"; };
		DFC79B1F1C1122DD007FD091 /* SearchResultTableViewController.swift */ = {isa = PBXFileReference; fileEncoding = 4; lastKnownFileType = sourcecode.swift; path = SearchResultTableViewController.swift; sourceTree = "<group>"; };
		DFC79B211C11230B007FD091 /* SearchViewController.swift */ = {isa = PBXFileReference; fileEncoding = 4; lastKnownFileType = sourcecode.swift; path = SearchViewController.swift; sourceTree = "<group>"; };
		DFD728621BFE80F800472F20 /* LoginViewController.swift */ = {isa = PBXFileReference; fileEncoding = 4; lastKnownFileType = sourcecode.swift; path = LoginViewController.swift; sourceTree = "<group>"; };
		DFF8C71E1BFBE44F00FDFDA4 /* PlaylistDispenser.app */ = {isa = PBXFileReference; explicitFileType = wrapper.application; includeInIndex = 0; path = PlaylistDispenser.app; sourceTree = BUILT_PRODUCTS_DIR; };
		DFF8C7211BFBE44F00FDFDA4 /* AppDelegate.swift */ = {isa = PBXFileReference; lastKnownFileType = sourcecode.swift; path = AppDelegate.swift; sourceTree = "<group>"; };
		DFF8C72A1BFBE44F00FDFDA4 /* Assets.xcassets */ = {isa = PBXFileReference; lastKnownFileType = folder.assetcatalog; path = Assets.xcassets; sourceTree = "<group>"; };
		DFF8C72D1BFBE44F00FDFDA4 /* Base */ = {isa = PBXFileReference; lastKnownFileType = file.storyboard; name = Base; path = Base.lproj/LaunchScreen.storyboard; sourceTree = "<group>"; };
		DFF8C72F1BFBE44F00FDFDA4 /* Info.plist */ = {isa = PBXFileReference; lastKnownFileType = text.plist.xml; path = Info.plist; sourceTree = "<group>"; };
		DFF8C7341BFBE44F00FDFDA4 /* PlaylistDispenserTests.xctest */ = {isa = PBXFileReference; explicitFileType = wrapper.cfbundle; includeInIndex = 0; path = PlaylistDispenserTests.xctest; sourceTree = BUILT_PRODUCTS_DIR; };
		DFF8C7381BFBE44F00FDFDA4 /* PlaylistDispenserTests.swift */ = {isa = PBXFileReference; lastKnownFileType = sourcecode.swift; path = PlaylistDispenserTests.swift; sourceTree = "<group>"; };
		DFF8C73A1BFBE44F00FDFDA4 /* Info.plist */ = {isa = PBXFileReference; lastKnownFileType = text.plist.xml; path = Info.plist; sourceTree = "<group>"; };
		DFF8C73F1BFBE44F00FDFDA4 /* PlaylistDispenserUITests.xctest */ = {isa = PBXFileReference; explicitFileType = wrapper.cfbundle; includeInIndex = 0; path = PlaylistDispenserUITests.xctest; sourceTree = BUILT_PRODUCTS_DIR; };
		DFF8C7431BFBE44F00FDFDA4 /* PlaylistDispenserUITests.swift */ = {isa = PBXFileReference; lastKnownFileType = sourcecode.swift; path = PlaylistDispenserUITests.swift; sourceTree = "<group>"; };
		DFF8C7451BFBE44F00FDFDA4 /* Info.plist */ = {isa = PBXFileReference; lastKnownFileType = text.plist.xml; path = Info.plist; sourceTree = "<group>"; };
		DFF8C7511BFBE85E00FDFDA4 /* basicInfoTableViewCell.swift */ = {isa = PBXFileReference; fileEncoding = 4; lastKnownFileType = sourcecode.swift; path = basicInfoTableViewCell.swift; sourceTree = "<group>"; };
/* End PBXFileReference section */

/* Begin PBXFrameworksBuildPhase section */
		DFF8C71B1BFBE44F00FDFDA4 /* Frameworks */ = {
			isa = PBXFrameworksBuildPhase;
			buildActionMask = 2147483647;
			files = (
				A334E1261BFD2C1B00C20B7C /* libz.tbd in Frameworks */,
				A334E1241BFD2C1600C20B7C /* libsqlite3.tbd in Frameworks */,
				A334E1221BFD2C0300C20B7C /* AudioToolbox.framework in Frameworks */,
				A334E1201BFD2BFA00C20B7C /* CFNetwork.framework in Frameworks */,
				A334E11E1BFD2BEC00C20B7C /* CoreGraphics.framework in Frameworks */,
				A334E11C1BFD2BE000C20B7C /* CoreLocation.framework in Frameworks */,
				A334E11A1BFD2BD600C20B7C /* QuartzCore.framework in Frameworks */,
				A334E1181BFD2BD000C20B7C /* Security.framework in Frameworks */,
				A334E1161BFD2BBF00C20B7C /* StoreKit.framework in Frameworks */,
				A334E1141BFD2BB500C20B7C /* SystemConfiguration.framework in Frameworks */,
				DF2DF8201BFE8ECA001C43C1 /* Parse.framework in Frameworks */,
				A334E1111BFD2BA000C20B7C /* Bolts.framework in Frameworks */,
			);
			runOnlyForDeploymentPostprocessing = 0;
		};
		DFF8C7311BFBE44F00FDFDA4 /* Frameworks */ = {
			isa = PBXFrameworksBuildPhase;
			buildActionMask = 2147483647;
			files = (
			);
			runOnlyForDeploymentPostprocessing = 0;
		};
		DFF8C73C1BFBE44F00FDFDA4 /* Frameworks */ = {
			isa = PBXFrameworksBuildPhase;
			buildActionMask = 2147483647;
			files = (
			);
			runOnlyForDeploymentPostprocessing = 0;
		};
/* End PBXFrameworksBuildPhase section */

/* Begin PBXGroup section */
		DF5BDE6E1BFD9A0F00239038 /* Core Data */ = {
			isa = PBXGroup;
			children = (
				DF5BDE671BFD906900239038 /* LocalData.xcdatamodeld */,
				DF5BDE6A1BFD96C100239038 /* IsSaved+CoreDataProperties.swift */,
				DF5BDE6B1BFD96C100239038 /* IsSaved.swift */,
			);
			name = "Core Data";
			sourceTree = "<group>";
		};
		DFAE62781C12324C0084C3EB /* Exporting */ = {
			isa = PBXGroup;
			children = (
				DFAE62761C1232420084C3EB /* ExportViewController.swift */,
			);
			name = Exporting;
			sourceTree = "<group>";
		};
		DFB6A0B41BFD223A0001FD6F /* Profile */ = {
			isa = PBXGroup;
			children = (
				DFB6A0AC1BFD21F50001FD6F /* ProfileViewController.swift */,
				DFB6A0A81BFD21BF0001FD6F /* ProfileTableViewController.swift */,
				DF3D93171C0FE5A2001307D6 /* ImportFromGPlayTableViewController.swift */,
				DF5312F41C114164005B2259 /* importingViewController.swift */,
				DF5747F21C119636005BA66C /* SettingsViewController.swift */,
			);
			name = Profile;
			sourceTree = "<group>";
		};
		DFB6A0B61BFD22600001FD6F /* Playlist */ = {
			isa = PBXGroup;
			children = (
				DFB6A0AE1BFD21FB0001FD6F /* PlaylistViewController.swift */,
				DFB6A0B21BFD222B0001FD6F /* SongTableViewCell.swift */,
				DFB6A0B01BFD22100001FD6F /* PlaylistTableViewController.swift */,
			);
			name = Playlist;
			sourceTree = "<group>";
		};
		DFB6A0B71BFD22690001FD6F /* Import Export */ = {
			isa = PBXGroup;
			children = (
				DFC79B1F1C1122DD007FD091 /* SearchResultTableViewController.swift */,
				DFC79B211C11230B007FD091 /* SearchViewController.swift */,
			);
			name = "Import Export";
			sourceTree = "<group>";
		};
		DFB6A0B81BFD22770001FD6F /* Featured */ = {
			isa = PBXGroup;
			children = (
				DFF8C7511BFBE85E00FDFDA4 /* basicInfoTableViewCell.swift */,
				DFB6A0A41BFD21990001FD6F /* FeaturedTableViewController.swift */,
			);
			name = Featured;
			sourceTree = "<group>";
		};
		DFD728611BFE80D300472F20 /* Login */ = {
			isa = PBXGroup;
			children = (
				DFD728621BFE80F800472F20 /* LoginViewController.swift */,
				DFB16B0A1BFE99C30004AB04 /* SignUpViewController.swift */,
				DF1B492B1C0E59B5001DC1CC /* DownloadDataViewController.swift */,
			);
			name = Login;
			sourceTree = "<group>";
		};
		DFF8C7151BFBE44F00FDFDA4 = {
			isa = PBXGroup;
			children = (
				A334E1251BFD2C1B00C20B7C /* libz.tbd */,
				A334E1231BFD2C1600C20B7C /* libsqlite3.tbd */,
				A334E1211BFD2C0300C20B7C /* AudioToolbox.framework */,
				A334E11F1BFD2BFA00C20B7C /* CFNetwork.framework */,
				A334E11D1BFD2BEC00C20B7C /* CoreGraphics.framework */,
				A334E11B1BFD2BE000C20B7C /* CoreLocation.framework */,
				A334E1191BFD2BD600C20B7C /* QuartzCore.framework */,
				A334E1171BFD2BD000C20B7C /* Security.framework */,
				A334E1151BFD2BBF00C20B7C /* StoreKit.framework */,
				A334E1131BFD2BB500C20B7C /* SystemConfiguration.framework */,
				A334E10F1BFD2BA000C20B7C /* Bolts.framework */,
				DFF8C7201BFBE44F00FDFDA4 /* PlaylistDispenser */,
				DFF8C7371BFBE44F00FDFDA4 /* PlaylistDispenserTests */,
				DFF8C7421BFBE44F00FDFDA4 /* PlaylistDispenserUITests */,
				DFF8C71F1BFBE44F00FDFDA4 /* Products */,
				DFB6A09A1BFD213B0001FD6F /* 0.txt */,
				DFB6A09B1BFD213B0001FD6F /* 9.txt */,
				DFB6A09C1BFD213B0001FD6F /* 13.txt */,
				DFB6A09D1BFD213B0001FD6F /* 20.txt */,
				DFB6A09E1BFD213B0001FD6F /* 21.txt */,
			);
			sourceTree = "<group>";
		};
		DFF8C71F1BFBE44F00FDFDA4 /* Products */ = {
			isa = PBXGroup;
			children = (
				DFF8C71E1BFBE44F00FDFDA4 /* PlaylistDispenser.app */,
				DFF8C7341BFBE44F00FDFDA4 /* PlaylistDispenserTests.xctest */,
				DFF8C73F1BFBE44F00FDFDA4 /* PlaylistDispenserUITests.xctest */,
			);
			name = Products;
			sourceTree = "<group>";
		};
		DFF8C7201BFBE44F00FDFDA4 /* PlaylistDispenser */ = {
			isa = PBXGroup;
			children = (
				DF2DF81F1BFE8ECA001C43C1 /* Parse.framework */,
				A334E1271BFD2EB100C20B7C /* SwiftyJSON.swift */,
				DFF8C7211BFBE44F00FDFDA4 /* AppDelegate.swift */,
				DFF8C72F1BFBE44F00FDFDA4 /* Info.plist */,
				DFF8C72A1BFBE44F00FDFDA4 /* Assets.xcassets */,
				DFAE62741C122F930084C3EB /* Main.storyboard */,
				DFF8C72C1BFBE44F00FDFDA4 /* LaunchScreen.storyboard */,
				DFAE62781C12324C0084C3EB /* Exporting */,
				DF5BDE6E1BFD9A0F00239038 /* Core Data */,
				DFD728611BFE80D300472F20 /* Login */,
				DFB6A0B61BFD22600001FD6F /* Playlist */,
				DFB6A0B41BFD223A0001FD6F /* Profile */,
				DFB6A0B71BFD22690001FD6F /* Import Export */,
				DFB6A0B81BFD22770001FD6F /* Featured */,
			);
			path = PlaylistDispenser;
			sourceTree = "<group>";
		};
		DFF8C7371BFBE44F00FDFDA4 /* PlaylistDispenserTests */ = {
			isa = PBXGroup;
			children = (
				DFF8C7381BFBE44F00FDFDA4 /* PlaylistDispenserTests.swift */,
				DFF8C73A1BFBE44F00FDFDA4 /* Info.plist */,
			);
			path = PlaylistDispenserTests;
			sourceTree = "<group>";
		};
		DFF8C7421BFBE44F00FDFDA4 /* PlaylistDispenserUITests */ = {
			isa = PBXGroup;
			children = (
				DFF8C7431BFBE44F00FDFDA4 /* PlaylistDispenserUITests.swift */,
				DFF8C7451BFBE44F00FDFDA4 /* Info.plist */,
			);
			path = PlaylistDispenserUITests;
			sourceTree = "<group>";
		};
/* End PBXGroup section */

/* Begin PBXNativeTarget section */
		DFF8C71D1BFBE44F00FDFDA4 /* PlaylistDispenser */ = {
			isa = PBXNativeTarget;
			buildConfigurationList = DFF8C7481BFBE44F00FDFDA4 /* Build configuration list for PBXNativeTarget "PlaylistDispenser" */;
			buildPhases = (
				DFF8C71A1BFBE44F00FDFDA4 /* Sources */,
				DFF8C71B1BFBE44F00FDFDA4 /* Frameworks */,
				DFF8C71C1BFBE44F00FDFDA4 /* Resources */,
			);
			buildRules = (
			);
			dependencies = (
			);
			name = PlaylistDispenser;
			productName = PlaylistDispenser;
			productReference = DFF8C71E1BFBE44F00FDFDA4 /* PlaylistDispenser.app */;
			productType = "com.apple.product-type.application";
		};
		DFF8C7331BFBE44F00FDFDA4 /* PlaylistDispenserTests */ = {
			isa = PBXNativeTarget;
			buildConfigurationList = DFF8C74B1BFBE44F00FDFDA4 /* Build configuration list for PBXNativeTarget "PlaylistDispenserTests" */;
			buildPhases = (
				DFF8C7301BFBE44F00FDFDA4 /* Sources */,
				DFF8C7311BFBE44F00FDFDA4 /* Frameworks */,
				DFF8C7321BFBE44F00FDFDA4 /* Resources */,
			);
			buildRules = (
			);
			dependencies = (
				DFF8C7361BFBE44F00FDFDA4 /* PBXTargetDependency */,
			);
			name = PlaylistDispenserTests;
			productName = PlaylistDispenserTests;
			productReference = DFF8C7341BFBE44F00FDFDA4 /* PlaylistDispenserTests.xctest */;
			productType = "com.apple.product-type.bundle.unit-test";
		};
		DFF8C73E1BFBE44F00FDFDA4 /* PlaylistDispenserUITests */ = {
			isa = PBXNativeTarget;
			buildConfigurationList = DFF8C74E1BFBE44F00FDFDA4 /* Build configuration list for PBXNativeTarget "PlaylistDispenserUITests" */;
			buildPhases = (
				DFF8C73B1BFBE44F00FDFDA4 /* Sources */,
				DFF8C73C1BFBE44F00FDFDA4 /* Frameworks */,
				DFF8C73D1BFBE44F00FDFDA4 /* Resources */,
			);
			buildRules = (
			);
			dependencies = (
				DFF8C7411BFBE44F00FDFDA4 /* PBXTargetDependency */,
			);
			name = PlaylistDispenserUITests;
			productName = PlaylistDispenserUITests;
			productReference = DFF8C73F1BFBE44F00FDFDA4 /* PlaylistDispenserUITests.xctest */;
			productType = "com.apple.product-type.bundle.ui-testing";
		};
/* End PBXNativeTarget section */

/* Begin PBXProject section */
		DFF8C7161BFBE44F00FDFDA4 /* Project object */ = {
			isa = PBXProject;
			attributes = {
				LastUpgradeCheck = 0700;
				ORGANIZATIONNAME = "Student 2";
				TargetAttributes = {
					DFF8C71D1BFBE44F00FDFDA4 = {
						CreatedOnToolsVersion = 7.0.1;
					};
					DFF8C7331BFBE44F00FDFDA4 = {
						CreatedOnToolsVersion = 7.0.1;
						TestTargetID = DFF8C71D1BFBE44F00FDFDA4;
					};
					DFF8C73E1BFBE44F00FDFDA4 = {
						CreatedOnToolsVersion = 7.0.1;
						TestTargetID = DFF8C71D1BFBE44F00FDFDA4;
					};
				};
			};
			buildConfigurationList = DFF8C7191BFBE44F00FDFDA4 /* Build configuration list for PBXProject "PlaylistDispenser" */;
			compatibilityVersion = "Xcode 3.2";
			developmentRegion = English;
			hasScannedForEncodings = 0;
			knownRegions = (
				en,
				Base,
			);
			mainGroup = DFF8C7151BFBE44F00FDFDA4;
			productRefGroup = DFF8C71F1BFBE44F00FDFDA4 /* Products */;
			projectDirPath = "";
			projectRoot = "";
			targets = (
				DFF8C71D1BFBE44F00FDFDA4 /* PlaylistDispenser */,
				DFF8C7331BFBE44F00FDFDA4 /* PlaylistDispenserTests */,
				DFF8C73E1BFBE44F00FDFDA4 /* PlaylistDispenserUITests */,
			);
		};
/* End PBXProject section */

/* Begin PBXResourcesBuildPhase section */
		DFF8C71C1BFBE44F00FDFDA4 /* Resources */ = {
			isa = PBXResourcesBuildPhase;
			buildActionMask = 2147483647;
			files = (
				DFB6A0A01BFD213B0001FD6F /* 9.txt in Resources */,
				DFF8C72E1BFBE44F00FDFDA4 /* LaunchScreen.storyboard in Resources */,
				DFF8C72B1BFBE44F00FDFDA4 /* Assets.xcassets in Resources */,
				DFAE62751C122F930084C3EB /* Main.storyboard in Resources */,
				DFB6A0A21BFD213B0001FD6F /* 20.txt in Resources */,
				DFB6A0A11BFD213B0001FD6F /* 13.txt in Resources */,
				DFB6A09F1BFD213B0001FD6F /* 0.txt in Resources */,
				DFB6A0A31BFD213B0001FD6F /* 21.txt in Resources */,
			);
			runOnlyForDeploymentPostprocessing = 0;
		};
		DFF8C7321BFBE44F00FDFDA4 /* Resources */ = {
			isa = PBXResourcesBuildPhase;
			buildActionMask = 2147483647;
			files = (
			);
			runOnlyForDeploymentPostprocessing = 0;
		};
		DFF8C73D1BFBE44F00FDFDA4 /* Resources */ = {
			isa = PBXResourcesBuildPhase;
			buildActionMask = 2147483647;
			files = (
			);
			runOnlyForDeploymentPostprocessing = 0;
		};
/* End PBXResourcesBuildPhase section */

/* Begin PBXSourcesBuildPhase section */
		DFF8C71A1BFBE44F00FDFDA4 /* Sources */ = {
			isa = PBXSourcesBuildPhase;
			buildActionMask = 2147483647;
			files = (
				DFD728631BFE80F800472F20 /* LoginViewController.swift in Sources */,
				DFB6A0AD1BFD21F50001FD6F /* ProfileViewController.swift in Sources */,
				DF5747F31C119636005BA66C /* SettingsViewController.swift in Sources */,
				DFF8C7521BFBE85E00FDFDA4 /* basicInfoTableViewCell.swift in Sources */,
				DF5BDE6C1BFD96C100239038 /* IsSaved+CoreDataProperties.swift in Sources */,
				DFB6A0AF1BFD21FB0001FD6F /* PlaylistViewController.swift in Sources */,
				A334E1281BFD2EB100C20B7C /* SwiftyJSON.swift in Sources */,
				DF3D93181C0FE5A2001307D6 /* ImportFromGPlayTableViewController.swift in Sources */,
				DFB6A0A91BFD21BF0001FD6F /* ProfileTableViewController.swift in Sources */,
				DF1B492C1C0E59B5001DC1CC /* DownloadDataViewController.swift in Sources */,
				DFC79B221C11230B007FD091 /* SearchViewController.swift in Sources */,
				DFAE62771C1232420084C3EB /* ExportViewController.swift in Sources */,
				DFB6A0A51BFD21990001FD6F /* FeaturedTableViewController.swift in Sources */,
				DFB16B0B1BFE99C30004AB04 /* SignUpViewController.swift in Sources */,
				DF5312F51C114164005B2259 /* importingViewController.swift in Sources */,
				DFC79B201C1122DD007FD091 /* SearchResultTableViewController.swift in Sources */,
				DF5BDE691BFD906900239038 /* LocalData.xcdatamodeld in Sources */,
				DFB6A0B31BFD222B0001FD6F /* SongTableViewCell.swift in Sources */,
				DFF8C7221BFBE44F00FDFDA4 /* AppDelegate.swift in Sources */,
				DFB6A0B11BFD22100001FD6F /* PlaylistTableViewController.swift in Sources */,
				DF5BDE6D1BFD96C100239038 /* IsSaved.swift in Sources */,
			);
			runOnlyForDeploymentPostprocessing = 0;
		};
		DFF8C7301BFBE44F00FDFDA4 /* Sources */ = {
			isa = PBXSourcesBuildPhase;
			buildActionMask = 2147483647;
			files = (
				DFF8C7391BFBE44F00FDFDA4 /* PlaylistDispenserTests.swift in Sources */,
			);
			runOnlyForDeploymentPostprocessing = 0;
		};
		DFF8C73B1BFBE44F00FDFDA4 /* Sources */ = {
			isa = PBXSourcesBuildPhase;
			buildActionMask = 2147483647;
			files = (
				DFF8C7441BFBE44F00FDFDA4 /* PlaylistDispenserUITests.swift in Sources */,
			);
			runOnlyForDeploymentPostprocessing = 0;
		};
/* End PBXSourcesBuildPhase section */

/* Begin PBXTargetDependency section */
		DFF8C7361BFBE44F00FDFDA4 /* PBXTargetDependency */ = {
			isa = PBXTargetDependency;
			target = DFF8C71D1BFBE44F00FDFDA4 /* PlaylistDispenser */;
			targetProxy = DFF8C7351BFBE44F00FDFDA4 /* PBXContainerItemProxy */;
		};
		DFF8C7411BFBE44F00FDFDA4 /* PBXTargetDependency */ = {
			isa = PBXTargetDependency;
			target = DFF8C71D1BFBE44F00FDFDA4 /* PlaylistDispenser */;
			targetProxy = DFF8C7401BFBE44F00FDFDA4 /* PBXContainerItemProxy */;
		};
/* End PBXTargetDependency section */

/* Begin PBXVariantGroup section */
		DFF8C72C1BFBE44F00FDFDA4 /* LaunchScreen.storyboard */ = {
			isa = PBXVariantGroup;
			children = (
				DFF8C72D1BFBE44F00FDFDA4 /* Base */,
			);
			name = LaunchScreen.storyboard;
			sourceTree = "<group>";
		};
/* End PBXVariantGroup section */

/* Begin XCBuildConfiguration section */
		DFF8C7461BFBE44F00FDFDA4 /* Debug */ = {
			isa = XCBuildConfiguration;
			buildSettings = {
				ALWAYS_SEARCH_USER_PATHS = NO;
				CLANG_CXX_LANGUAGE_STANDARD = "gnu++0x";
				CLANG_CXX_LIBRARY = "libc++";
				CLANG_ENABLE_MODULES = YES;
				CLANG_ENABLE_OBJC_ARC = YES;
				CLANG_WARN_BOOL_CONVERSION = YES;
				CLANG_WARN_CONSTANT_CONVERSION = YES;
				CLANG_WARN_DIRECT_OBJC_ISA_USAGE = YES_ERROR;
				CLANG_WARN_EMPTY_BODY = YES;
				CLANG_WARN_ENUM_CONVERSION = YES;
				CLANG_WARN_INT_CONVERSION = YES;
				CLANG_WARN_OBJC_ROOT_CLASS = YES_ERROR;
				CLANG_WARN_UNREACHABLE_CODE = YES;
				CLANG_WARN__DUPLICATE_METHOD_MATCH = YES;
				"CODE_SIGN_IDENTITY[sdk=iphoneos*]" = "iPhone Developer";
				COPY_PHASE_STRIP = NO;
				DEBUG_INFORMATION_FORMAT = dwarf;
				ENABLE_STRICT_OBJC_MSGSEND = YES;
				ENABLE_TESTABILITY = YES;
				GCC_C_LANGUAGE_STANDARD = gnu99;
				GCC_DYNAMIC_NO_PIC = NO;
				GCC_NO_COMMON_BLOCKS = YES;
				GCC_OPTIMIZATION_LEVEL = 0;
				GCC_PREPROCESSOR_DEFINITIONS = (
					"DEBUG=1",
					"$(inherited)",
				);
				GCC_WARN_64_TO_32_BIT_CONVERSION = YES;
				GCC_WARN_ABOUT_RETURN_TYPE = YES_ERROR;
				GCC_WARN_UNDECLARED_SELECTOR = YES;
				GCC_WARN_UNINITIALIZED_AUTOS = YES_AGGRESSIVE;
				GCC_WARN_UNUSED_FUNCTION = YES;
				GCC_WARN_UNUSED_VARIABLE = YES;
				IPHONEOS_DEPLOYMENT_TARGET = 9.0;
				MTL_ENABLE_DEBUG_INFO = YES;
				ONLY_ACTIVE_ARCH = YES;
				SDKROOT = iphoneos;
				SWIFT_OPTIMIZATION_LEVEL = "-Onone";
				TARGETED_DEVICE_FAMILY = "1,2";
			};
			name = Debug;
		};
		DFF8C7471BFBE44F00FDFDA4 /* Release */ = {
			isa = XCBuildConfiguration;
			buildSettings = {
				ALWAYS_SEARCH_USER_PATHS = NO;
				CLANG_CXX_LANGUAGE_STANDARD = "gnu++0x";
				CLANG_CXX_LIBRARY = "libc++";
				CLANG_ENABLE_MODULES = YES;
				CLANG_ENABLE_OBJC_ARC = YES;
				CLANG_WARN_BOOL_CONVERSION = YES;
				CLANG_WARN_CONSTANT_CONVERSION = YES;
				CLANG_WARN_DIRECT_OBJC_ISA_USAGE = YES_ERROR;
				CLANG_WARN_EMPTY_BODY = YES;
				CLANG_WARN_ENUM_CONVERSION = YES;
				CLANG_WARN_INT_CONVERSION = YES;
				CLANG_WARN_OBJC_ROOT_CLASS = YES_ERROR;
				CLANG_WARN_UNREACHABLE_CODE = YES;
				CLANG_WARN__DUPLICATE_METHOD_MATCH = YES;
				"CODE_SIGN_IDENTITY[sdk=iphoneos*]" = "iPhone Developer";
				COPY_PHASE_STRIP = NO;
				DEBUG_INFORMATION_FORMAT = "dwarf-with-dsym";
				ENABLE_NS_ASSERTIONS = NO;
				ENABLE_STRICT_OBJC_MSGSEND = YES;
				GCC_C_LANGUAGE_STANDARD = gnu99;
				GCC_NO_COMMON_BLOCKS = YES;
				GCC_WARN_64_TO_32_BIT_CONVERSION = YES;
				GCC_WARN_ABOUT_RETURN_TYPE = YES_ERROR;
				GCC_WARN_UNDECLARED_SELECTOR = YES;
				GCC_WARN_UNINITIALIZED_AUTOS = YES_AGGRESSIVE;
				GCC_WARN_UNUSED_FUNCTION = YES;
				GCC_WARN_UNUSED_VARIABLE = YES;
				IPHONEOS_DEPLOYMENT_TARGET = 9.0;
				MTL_ENABLE_DEBUG_INFO = NO;
				SDKROOT = iphoneos;
				TARGETED_DEVICE_FAMILY = "1,2";
				VALIDATE_PRODUCT = YES;
			};
			name = Release;
		};
		DFF8C7491BFBE44F00FDFDA4 /* Debug */ = {
			isa = XCBuildConfiguration;
			buildSettings = {
				ASSETCATALOG_COMPILER_APPICON_NAME = AppIcon;
				CODE_SIGN_IDENTITY = "iPhone Developer";
				"CODE_SIGN_IDENTITY[sdk=iphoneos*]" = "iPhone Developer";
				FRAMEWORK_SEARCH_PATHS = (
					"$(inherited)",
					"$(PROJECT_DIR)",
					"$(PROJECT_DIR)/PlaylistDispenser",
				);
				INFOPLIST_FILE = PlaylistDispenser/Info.plist;
				LD_RUNPATH_SEARCH_PATHS = "$(inherited) @executable_path/Frameworks";
				PRODUCT_BUNDLE_IDENTIFIER = com.cald.PlaylistDispenser;
				PRODUCT_NAME = "$(TARGET_NAME)";
				PROVISIONING_PROFILE = "";
			};
			name = Debug;
		};
		DFF8C74A1BFBE44F00FDFDA4 /* Release */ = {
			isa = XCBuildConfiguration;
			buildSettings = {
				ASSETCATALOG_COMPILER_APPICON_NAME = AppIcon;
				CODE_SIGN_IDENTITY = "iPhone Developer";
				"CODE_SIGN_IDENTITY[sdk=iphoneos*]" = "iPhone Developer";
				FRAMEWORK_SEARCH_PATHS = (
					"$(inherited)",
					"$(PROJECT_DIR)",
					"$(PROJECT_DIR)/PlaylistDispenser",
				);
				INFOPLIST_FILE = PlaylistDispenser/Info.plist;
				LD_RUNPATH_SEARCH_PATHS = "$(inherited) @executable_path/Frameworks";
				PRODUCT_BUNDLE_IDENTIFIER = com.cald.PlaylistDispenser;
				PRODUCT_NAME = "$(TARGET_NAME)";
				PROVISIONING_PROFILE = "";
			};
			name = Release;
		};
		DFF8C74C1BFBE44F00FDFDA4 /* Debug */ = {
			isa = XCBuildConfiguration;
			buildSettings = {
				BUNDLE_LOADER = "$(TEST_HOST)";
				INFOPLIST_FILE = PlaylistDispenserTests/Info.plist;
				LD_RUNPATH_SEARCH_PATHS = "$(inherited) @executable_path/Frameworks @loader_path/Frameworks";
				PRODUCT_BUNDLE_IDENTIFIER = com.cald.PlaylistDispenserTests;
				PRODUCT_NAME = "$(TARGET_NAME)";
				TEST_HOST = "$(BUILT_PRODUCTS_DIR)/PlaylistDispenser.app/PlaylistDispenser";
			};
			name = Debug;
		};
		DFF8C74D1BFBE44F00FDFDA4 /* Release */ = {
			isa = XCBuildConfiguration;
			buildSettings = {
				BUNDLE_LOADER = "$(TEST_HOST)";
				INFOPLIST_FILE = PlaylistDispenserTests/Info.plist;
				LD_RUNPATH_SEARCH_PATHS = "$(inherited) @executable_path/Frameworks @loader_path/Frameworks";
				PRODUCT_BUNDLE_IDENTIFIER = com.cald.PlaylistDispenserTests;
				PRODUCT_NAME = "$(TARGET_NAME)";
				TEST_HOST = "$(BUILT_PRODUCTS_DIR)/PlaylistDispenser.app/PlaylistDispenser";
			};
			name = Release;
		};
		DFF8C74F1BFBE44F00FDFDA4 /* Debug */ = {
			isa = XCBuildConfiguration;
			buildSettings = {
				INFOPLIST_FILE = PlaylistDispenserUITests/Info.plist;
				LD_RUNPATH_SEARCH_PATHS = "$(inherited) @executable_path/Frameworks @loader_path/Frameworks";
				PRODUCT_BUNDLE_IDENTIFIER = com.cald.PlaylistDispenserUITests;
				PRODUCT_NAME = "$(TARGET_NAME)";
				TEST_TARGET_NAME = PlaylistDispenser;
				USES_XCTRUNNER = YES;
			};
			name = Debug;
		};
		DFF8C7501BFBE44F00FDFDA4 /* Release */ = {
			isa = XCBuildConfiguration;
			buildSettings = {
				INFOPLIST_FILE = PlaylistDispenserUITests/Info.plist;
				LD_RUNPATH_SEARCH_PATHS = "$(inherited) @executable_path/Frameworks @loader_path/Frameworks";
				PRODUCT_BUNDLE_IDENTIFIER = com.cald.PlaylistDispenserUITests;
				PRODUCT_NAME = "$(TARGET_NAME)";
				TEST_TARGET_NAME = PlaylistDispenser;
				USES_XCTRUNNER = YES;
			};
			name = Release;
		};
/* End XCBuildConfiguration section */

/* Begin XCConfigurationList section */
		DFF8C7191BFBE44F00FDFDA4 /* Build configuration list for PBXProject "PlaylistDispenser" */ = {
			isa = XCConfigurationList;
			buildConfigurations = (
				DFF8C7461BFBE44F00FDFDA4 /* Debug */,
				DFF8C7471BFBE44F00FDFDA4 /* Release */,
			);
			defaultConfigurationIsVisible = 0;
			defaultConfigurationName = Release;
		};
		DFF8C7481BFBE44F00FDFDA4 /* Build configuration list for PBXNativeTarget "PlaylistDispenser" */ = {
			isa = XCConfigurationList;
			buildConfigurations = (
				DFF8C7491BFBE44F00FDFDA4 /* Debug */,
				DFF8C74A1BFBE44F00FDFDA4 /* Release */,
			);
			defaultConfigurationIsVisible = 0;
			defaultConfigurationName = Release;
		};
		DFF8C74B1BFBE44F00FDFDA4 /* Build configuration list for PBXNativeTarget "PlaylistDispenserTests" */ = {
			isa = XCConfigurationList;
			buildConfigurations = (
				DFF8C74C1BFBE44F00FDFDA4 /* Debug */,
				DFF8C74D1BFBE44F00FDFDA4 /* Release */,
			);
			defaultConfigurationIsVisible = 0;
			defaultConfigurationName = Release;
		};
		DFF8C74E1BFBE44F00FDFDA4 /* Build configuration list for PBXNativeTarget "PlaylistDispenserUITests" */ = {
			isa = XCConfigurationList;
			buildConfigurations = (
				DFF8C74F1BFBE44F00FDFDA4 /* Debug */,
				DFF8C7501BFBE44F00FDFDA4 /* Release */,
			);
			defaultConfigurationIsVisible = 0;
			defaultConfigurationName = Release;
		};
/* End XCConfigurationList section */

/* Begin XCVersionGroup section */
		DF5BDE671BFD906900239038 /* LocalData.xcdatamodeld */ = {
			isa = XCVersionGroup;
			children = (
				DF5BDE681BFD906900239038 /* LocalData.xcdatamodel */,
			);
			currentVersion = DF5BDE681BFD906900239038 /* LocalData.xcdatamodel */;
			path = LocalData.xcdatamodeld;
			sourceTree = "<group>";
			versionGroupType = wrapper.xcdatamodel;
		};
/* End XCVersionGroup section */
	};
	rootObject = DFF8C7161BFBE44F00FDFDA4 /* Project object */;
}
